// !$*UTF8*$!
{
	archiveVersion = 1;
	classes = {
	};
	objectVersion = 56;
	objects = {

/* Begin PBXBuildFile section */
		2440EAA62AD461CC00433A52 /* Theme.swift in Sources */ = {isa = PBXBuildFile; fileRef = 2440EAA52AD461CC00433A52 /* Theme.swift */; };
		2440EAA82AD4636100433A52 /* DailyScrum.swift in Sources */ = {isa = PBXBuildFile; fileRef = 2440EAA72AD4636100433A52 /* DailyScrum.swift */; };
		2440EAAA2AD464FF00433A52 /* CardView.swift in Sources */ = {isa = PBXBuildFile; fileRef = 2440EAA92AD464FF00433A52 /* CardView.swift */; };
		2440EAAC2AD4689400433A52 /* TrailingIconLabelStyle.swift in Sources */ = {isa = PBXBuildFile; fileRef = 2440EAAB2AD4689400433A52 /* TrailingIconLabelStyle.swift */; };
		2440EAAE2AD6064300433A52 /* ScrumsView.swift in Sources */ = {isa = PBXBuildFile; fileRef = 2440EAAD2AD6064300433A52 /* ScrumsView.swift */; };
		246FFB0A2AC51FE400973424 /* ScrumdingerApp.swift in Sources */ = {isa = PBXBuildFile; fileRef = 246FFB092AC51FE400973424 /* ScrumdingerApp.swift */; };
		246FFB0C2AC51FE400973424 /* MeetingView.swift in Sources */ = {isa = PBXBuildFile; fileRef = 246FFB0B2AC51FE400973424 /* MeetingView.swift */; };
		246FFB0E2AC51FE400973424 /* Assets.xcassets in Resources */ = {isa = PBXBuildFile; fileRef = 246FFB0D2AC51FE400973424 /* Assets.xcassets */; };
		246FFB112AC51FE400973424 /* Preview Assets.xcassets in Resources */ = {isa = PBXBuildFile; fileRef = 246FFB102AC51FE400973424 /* Preview Assets.xcassets */; };
		246FFB1B2AC51FE500973424 /* ScrumdingerTests.swift in Sources */ = {isa = PBXBuildFile; fileRef = 246FFB1A2AC51FE500973424 /* ScrumdingerTests.swift */; };
		246FFB252AC51FE500973424 /* ScrumdingerUITests.swift in Sources */ = {isa = PBXBuildFile; fileRef = 246FFB242AC51FE500973424 /* ScrumdingerUITests.swift */; };
		246FFB272AC51FE500973424 /* ScrumdingerUITestsLaunchTests.swift in Sources */ = {isa = PBXBuildFile; fileRef = 246FFB262AC51FE500973424 /* ScrumdingerUITestsLaunchTests.swift */; };
/* End PBXBuildFile section */

/* Begin PBXContainerItemProxy section */
		246FFB172AC51FE400973424 /* PBXContainerItemProxy */ = {
			isa = PBXContainerItemProxy;
			containerPortal = 246FFAFE2AC51FE400973424 /* Project object */;
			proxyType = 1;
			remoteGlobalIDString = 246FFB052AC51FE400973424;
			remoteInfo = Scrumdinger;
		};
		246FFB212AC51FE500973424 /* PBXContainerItemProxy */ = {
			isa = PBXContainerItemProxy;
			containerPortal = 246FFAFE2AC51FE400973424 /* Project object */;
			proxyType = 1;
			remoteGlobalIDString = 246FFB052AC51FE400973424;
			remoteInfo = Scrumdinger;
		};
/* End PBXContainerItemProxy section */

/* Begin PBXFileReference section */
		2440EAA52AD461CC00433A52 /* Theme.swift */ = {isa = PBXFileReference; lastKnownFileType = sourcecode.swift; path = Theme.swift; sourceTree = "<group>"; };
		2440EAA72AD4636100433A52 /* DailyScrum.swift */ = {isa = PBXFileReference; lastKnownFileType = sourcecode.swift; path = DailyScrum.swift; sourceTree = "<group>"; };
		2440EAA92AD464FF00433A52 /* CardView.swift */ = {isa = PBXFileReference; lastKnownFileType = sourcecode.swift; path = CardView.swift; sourceTree = "<group>"; };
		2440EAAB2AD4689400433A52 /* TrailingIconLabelStyle.swift */ = {isa = PBXFileReference; lastKnownFileType = sourcecode.swift; path = TrailingIconLabelStyle.swift; sourceTree = "<group>"; };
		2440EAAD2AD6064300433A52 /* ScrumsView.swift */ = {isa = PBXFileReference; lastKnownFileType = sourcecode.swift; path = ScrumsView.swift; sourceTree = "<group>"; };
		246FFB062AC51FE400973424 /* Scrumdinger.app */ = {isa = PBXFileReference; explicitFileType = wrapper.application; includeInIndex = 0; path = Scrumdinger.app; sourceTree = BUILT_PRODUCTS_DIR; };
		246FFB092AC51FE400973424 /* ScrumdingerApp.swift */ = {isa = PBXFileReference; lastKnownFileType = sourcecode.swift; path = ScrumdingerApp.swift; sourceTree = "<group>"; };
		246FFB0B2AC51FE400973424 /* MeetingView.swift */ = {isa = PBXFileReference; lastKnownFileType = sourcecode.swift; path = MeetingView.swift; sourceTree = "<group>"; };
		246FFB0D2AC51FE400973424 /* Assets.xcassets */ = {isa = PBXFileReference; lastKnownFileType = folder.assetcatalog; path = Assets.xcassets; sourceTree = "<group>"; };
		246FFB102AC51FE400973424 /* Preview Assets.xcassets */ = {isa = PBXFileReference; lastKnownFileType = folder.assetcatalog; path = "Preview Assets.xcassets"; sourceTree = "<group>"; };
		246FFB162AC51FE400973424 /* ScrumdingerTests.xctest */ = {isa = PBXFileReference; explicitFileType = wrapper.cfbundle; includeInIndex = 0; path = ScrumdingerTests.xctest; sourceTree = BUILT_PRODUCTS_DIR; };
		246FFB1A2AC51FE500973424 /* ScrumdingerTests.swift */ = {isa = PBXFileReference; lastKnownFileType = sourcecode.swift; path = ScrumdingerTests.swift; sourceTree = "<group>"; };
		246FFB202AC51FE500973424 /* ScrumdingerUITests.xctest */ = {isa = PBXFileReference; explicitFileType = wrapper.cfbundle; includeInIndex = 0; path = ScrumdingerUITests.xctest; sourceTree = BUILT_PRODUCTS_DIR; };
		246FFB242AC51FE500973424 /* ScrumdingerUITests.swift */ = {isa = PBXFileReference; lastKnownFileType = sourcecode.swift; path = ScrumdingerUITests.swift; sourceTree = "<group>"; };
		246FFB262AC51FE500973424 /* ScrumdingerUITestsLaunchTests.swift */ = {isa = PBXFileReference; lastKnownFileType = sourcecode.swift; path = ScrumdingerUITestsLaunchTests.swift; sourceTree = "<group>"; };
/* End PBXFileReference section */

/* Begin PBXFrameworksBuildPhase section */
		246FFB032AC51FE400973424 /* Frameworks */ = {
			isa = PBXFrameworksBuildPhase;
			buildActionMask = 2147483647;
			files = (
			);
			runOnlyForDeploymentPostprocessing = 0;
		};
		246FFB132AC51FE400973424 /* Frameworks */ = {
			isa = PBXFrameworksBuildPhase;
			buildActionMask = 2147483647;
			files = (
			);
			runOnlyForDeploymentPostprocessing = 0;
		};
		246FFB1D2AC51FE500973424 /* Frameworks */ = {
			isa = PBXFrameworksBuildPhase;
			buildActionMask = 2147483647;
			files = (
			);
			runOnlyForDeploymentPostprocessing = 0;
		};
/* End PBXFrameworksBuildPhase section */

/* Begin PBXGroup section */
		2440EAA42AD461AB00433A52 /* Models */ = {
			isa = PBXGroup;
			children = (
				2440EAA52AD461CC00433A52 /* Theme.swift */,
				2440EAA72AD4636100433A52 /* DailyScrum.swift */,
			);
			path = Models;
			sourceTree = "<group>";
		};
		246FFAFD2AC51FE400973424 = {
			isa = PBXGroup;
			children = (
				246FFB082AC51FE400973424 /* Scrumdinger */,
				246FFB192AC51FE400973424 /* ScrumdingerTests */,
				246FFB232AC51FE500973424 /* ScrumdingerUITests */,
				246FFB072AC51FE400973424 /* Products */,
			);
			sourceTree = "<group>";
		};
		246FFB072AC51FE400973424 /* Products */ = {
			isa = PBXGroup;
			children = (
				246FFB062AC51FE400973424 /* Scrumdinger.app */,
				246FFB162AC51FE400973424 /* ScrumdingerTests.xctest */,
				246FFB202AC51FE500973424 /* ScrumdingerUITests.xctest */,
			);
			name = Products;
			sourceTree = "<group>";
		};
		246FFB082AC51FE400973424 /* Scrumdinger */ = {
			isa = PBXGroup;
			children = (
				2440EAA42AD461AB00433A52 /* Models */,
				246FFB092AC51FE400973424 /* ScrumdingerApp.swift */,
				246FFB0B2AC51FE400973424 /* MeetingView.swift */,
				246FFB0D2AC51FE400973424 /* Assets.xcassets */,
				246FFB0F2AC51FE400973424 /* Preview Content */,
				2440EAA92AD464FF00433A52 /* CardView.swift */,
				2440EAAB2AD4689400433A52 /* TrailingIconLabelStyle.swift */,
				2440EAAD2AD6064300433A52 /* ScrumsView.swift */,
			);
			path = Scrumdinger;
			sourceTree = "<group>";
		};
		246FFB0F2AC51FE400973424 /* Preview Content */ = {
			isa = PBXGroup;
			children = (
				246FFB102AC51FE400973424 /* Preview Assets.xcassets */,
			);
			path = "Preview Content";
			sourceTree = "<group>";
		};
		246FFB192AC51FE400973424 /* ScrumdingerTests */ = {
			isa = PBXGroup;
			children = (
				246FFB1A2AC51FE500973424 /* ScrumdingerTests.swift */,
			);
			path = ScrumdingerTests;
			sourceTree = "<group>";
		};
		246FFB232AC51FE500973424 /* ScrumdingerUITests */ = {
			isa = PBXGroup;
			children = (
				246FFB242AC51FE500973424 /* ScrumdingerUITests.swift */,
				246FFB262AC51FE500973424 /* ScrumdingerUITestsLaunchTests.swift */,
			);
			path = ScrumdingerUITests;
			sourceTree = "<group>";
		};
/* End PBXGroup section */

/* Begin PBXNativeTarget section */
		246FFB052AC51FE400973424 /* Scrumdinger */ = {
			isa = PBXNativeTarget;
			buildConfigurationList = 246FFB2A2AC51FE500973424 /* Build configuration list for PBXNativeTarget "Scrumdinger" */;
			buildPhases = (
				246FFB022AC51FE400973424 /* Sources */,
				246FFB032AC51FE400973424 /* Frameworks */,
				246FFB042AC51FE400973424 /* Resources */,
			);
			buildRules = (
			);
			dependencies = (
			);
			name = Scrumdinger;
			productName = Scrumdinger;
			productReference = 246FFB062AC51FE400973424 /* Scrumdinger.app */;
			productType = "com.apple.product-type.application";
		};
		246FFB152AC51FE400973424 /* ScrumdingerTests */ = {
			isa = PBXNativeTarget;
			buildConfigurationList = 246FFB2D2AC51FE500973424 /* Build configuration list for PBXNativeTarget "ScrumdingerTests" */;
			buildPhases = (
				246FFB122AC51FE400973424 /* Sources */,
				246FFB132AC51FE400973424 /* Frameworks */,
				246FFB142AC51FE400973424 /* Resources */,
			);
			buildRules = (
			);
			dependencies = (
				246FFB182AC51FE400973424 /* PBXTargetDependency */,
			);
			name = ScrumdingerTests;
			productName = ScrumdingerTests;
			productReference = 246FFB162AC51FE400973424 /* ScrumdingerTests.xctest */;
			productType = "com.apple.product-type.bundle.unit-test";
		};
		246FFB1F2AC51FE500973424 /* ScrumdingerUITests */ = {
			isa = PBXNativeTarget;
			buildConfigurationList = 246FFB302AC51FE500973424 /* Build configuration list for PBXNativeTarget "ScrumdingerUITests" */;
			buildPhases = (
				246FFB1C2AC51FE500973424 /* Sources */,
				246FFB1D2AC51FE500973424 /* Frameworks */,
				246FFB1E2AC51FE500973424 /* Resources */,
			);
			buildRules = (
			);
			dependencies = (
				246FFB222AC51FE500973424 /* PBXTargetDependency */,
			);
			name = ScrumdingerUITests;
			productName = ScrumdingerUITests;
			productReference = 246FFB202AC51FE500973424 /* ScrumdingerUITests.xctest */;
			productType = "com.apple.product-type.bundle.ui-testing";
		};
/* End PBXNativeTarget section */

/* Begin PBXProject section */
		246FFAFE2AC51FE400973424 /* Project object */ = {
			isa = PBXProject;
			attributes = {
				BuildIndependentTargetsInParallel = 1;
				LastSwiftUpdateCheck = 1420;
				LastUpgradeCheck = 1420;
				TargetAttributes = {
					246FFB052AC51FE400973424 = {
						CreatedOnToolsVersion = 14.2;
					};
					246FFB152AC51FE400973424 = {
						CreatedOnToolsVersion = 14.2;
						TestTargetID = 246FFB052AC51FE400973424;
					};
					246FFB1F2AC51FE500973424 = {
						CreatedOnToolsVersion = 14.2;
						TestTargetID = 246FFB052AC51FE400973424;
					};
				};
			};
			buildConfigurationList = 246FFB012AC51FE400973424 /* Build configuration list for PBXProject "Scrumdinger" */;
			compatibilityVersion = "Xcode 14.0";
			developmentRegion = en;
			hasScannedForEncodings = 0;
			knownRegions = (
				en,
				Base,
			);
			mainGroup = 246FFAFD2AC51FE400973424;
			productRefGroup = 246FFB072AC51FE400973424 /* Products */;
			projectDirPath = "";
			projectRoot = "";
			targets = (
				246FFB052AC51FE400973424 /* Scrumdinger */,
				246FFB152AC51FE400973424 /* ScrumdingerTests */,
				246FFB1F2AC51FE500973424 /* ScrumdingerUITests */,
			);
		};
/* End PBXProject section */

/* Begin PBXResourcesBuildPhase section */
		246FFB042AC51FE400973424 /* Resources */ = {
			isa = PBXResourcesBuildPhase;
			buildActionMask = 2147483647;
			files = (
				246FFB112AC51FE400973424 /* Preview Assets.xcassets in Resources */,
				246FFB0E2AC51FE400973424 /* Assets.xcassets in Resources */,
			);
			runOnlyForDeploymentPostprocessing = 0;
		};
		246FFB142AC51FE400973424 /* Resources */ = {
			isa = PBXResourcesBuildPhase;
			buildActionMask = 2147483647;
			files = (
			);
			runOnlyForDeploymentPostprocessing = 0;
		};
		246FFB1E2AC51FE500973424 /* Resources */ = {
			isa = PBXResourcesBuildPhase;
			buildActionMask = 2147483647;
			files = (
			);
			runOnlyForDeploymentPostprocessing = 0;
		};
/* End PBXResourcesBuildPhase section */

/* Begin PBXSourcesBuildPhase section */
		246FFB022AC51FE400973424 /* Sources */ = {
			isa = PBXSourcesBuildPhase;
			buildActionMask = 2147483647;
			files = (
				2440EAA82AD4636100433A52 /* DailyScrum.swift in Sources */,
				2440EAAC2AD4689400433A52 /* TrailingIconLabelStyle.swift in Sources */,
				2440EAA62AD461CC00433A52 /* Theme.swift in Sources */,
				2440EAAE2AD6064300433A52 /* ScrumsView.swift in Sources */,
				246FFB0C2AC51FE400973424 /* MeetingView.swift in Sources */,
				246FFB0A2AC51FE400973424 /* ScrumdingerApp.swift in Sources */,
				2440EAAA2AD464FF00433A52 /* CardView.swift in Sources */,
			);
			runOnlyForDeploymentPostprocessing = 0;
		};
		246FFB122AC51FE400973424 /* Sources */ = {
			isa = PBXSourcesBuildPhase;
			buildActionMask = 2147483647;
			files = (
				246FFB1B2AC51FE500973424 /* ScrumdingerTests.swift in Sources */,
			);
			runOnlyForDeploymentPostprocessing = 0;
		};
		246FFB1C2AC51FE500973424 /* Sources */ = {
			isa = PBXSourcesBuildPhase;
			buildActionMask = 2147483647;
			files = (
				246FFB272AC51FE500973424 /* ScrumdingerUITestsLaunchTests.swift in Sources */,
				246FFB252AC51FE500973424 /* ScrumdingerUITests.swift in Sources */,
			);
			runOnlyForDeploymentPostprocessing = 0;
		};
/* End PBXSourcesBuildPhase section */

/* Begin PBXTargetDependency section */
		246FFB182AC51FE400973424 /* PBXTargetDependency */ = {
			isa = PBXTargetDependency;
			target = 246FFB052AC51FE400973424 /* Scrumdinger */;
			targetProxy = 246FFB172AC51FE400973424 /* PBXContainerItemProxy */;
		};
		246FFB222AC51FE500973424 /* PBXTargetDependency */ = {
			isa = PBXTargetDependency;
			target = 246FFB052AC51FE400973424 /* Scrumdinger */;
			targetProxy = 246FFB212AC51FE500973424 /* PBXContainerItemProxy */;
		};
/* End PBXTargetDependency section */

/* Begin XCBuildConfiguration section */
		246FFB282AC51FE500973424 /* Debug */ = {
			isa = XCBuildConfiguration;
			buildSettings = {
				ALWAYS_SEARCH_USER_PATHS = NO;
				CLANG_ANALYZER_NONNULL = YES;
				CLANG_ANALYZER_NUMBER_OBJECT_CONVERSION = YES_AGGRESSIVE;
				CLANG_CXX_LANGUAGE_STANDARD = "gnu++20";
				CLANG_ENABLE_MODULES = YES;
				CLANG_ENABLE_OBJC_ARC = YES;
				CLANG_ENABLE_OBJC_WEAK = YES;
				CLANG_WARN_BLOCK_CAPTURE_AUTORELEASING = YES;
				CLANG_WARN_BOOL_CONVERSION = YES;
				CLANG_WARN_COMMA = YES;
				CLANG_WARN_CONSTANT_CONVERSION = YES;
				CLANG_WARN_DEPRECATED_OBJC_IMPLEMENTATIONS = YES;
				CLANG_WARN_DIRECT_OBJC_ISA_USAGE = YES_ERROR;
				CLANG_WARN_DOCUMENTATION_COMMENTS = YES;
				CLANG_WARN_EMPTY_BODY = YES;
				CLANG_WARN_ENUM_CONVERSION = YES;
				CLANG_WARN_INFINITE_RECURSION = YES;
				CLANG_WARN_INT_CONVERSION = YES;
				CLANG_WARN_NON_LITERAL_NULL_CONVERSION = YES;
				CLANG_WARN_OBJC_IMPLICIT_RETAIN_SELF = YES;
				CLANG_WARN_OBJC_LITERAL_CONVERSION = YES;
				CLANG_WARN_OBJC_ROOT_CLASS = YES_ERROR;
				CLANG_WARN_QUOTED_INCLUDE_IN_FRAMEWORK_HEADER = YES;
				CLANG_WARN_RANGE_LOOP_ANALYSIS = YES;
				CLANG_WARN_STRICT_PROTOTYPES = YES;
				CLANG_WARN_SUSPICIOUS_MOVE = YES;
				CLANG_WARN_UNGUARDED_AVAILABILITY = YES_AGGRESSIVE;
				CLANG_WARN_UNREACHABLE_CODE = YES;
				CLANG_WARN__DUPLICATE_METHOD_MATCH = YES;
				COPY_PHASE_STRIP = NO;
				DEBUG_INFORMATION_FORMAT = dwarf;
				ENABLE_STRICT_OBJC_MSGSEND = YES;
				ENABLE_TESTABILITY = YES;
				GCC_C_LANGUAGE_STANDARD = gnu11;
				GCC_DYNAMIC_NO_PIC = NO;
				GCC_NO_COMMON_BLOCKS = YES;
				GCC_OPTIMIZATION_LEVEL = 0;
				GCC_PREPROCESSOR_DEFINITIONS = (
					"DEBUG=1",
					"$(inherited)",
				);
				GCC_WARN_64_TO_32_BIT_CONVERSION = YES;
				GCC_WARN_ABOUT_RETURN_TYPE = YES_ERROR;
				GCC_WARN_UNDECLARED_SELECTOR = YES;
				GCC_WARN_UNINITIALIZED_AUTOS = YES_AGGRESSIVE;
				GCC_WARN_UNUSED_FUNCTION = YES;
				GCC_WARN_UNUSED_VARIABLE = YES;
				IPHONEOS_DEPLOYMENT_TARGET = 16.2;
				MTL_ENABLE_DEBUG_INFO = INCLUDE_SOURCE;
				MTL_FAST_MATH = YES;
				ONLY_ACTIVE_ARCH = YES;
				SDKROOT = iphoneos;
				SWIFT_ACTIVE_COMPILATION_CONDITIONS = DEBUG;
				SWIFT_OPTIMIZATION_LEVEL = "-Onone";
			};
			name = Debug;
		};
		246FFB292AC51FE500973424 /* Release */ = {
			isa = XCBuildConfiguration;
			buildSettings = {
				ALWAYS_SEARCH_USER_PATHS = NO;
				CLANG_ANALYZER_NONNULL = YES;
				CLANG_ANALYZER_NUMBER_OBJECT_CONVERSION = YES_AGGRESSIVE;
				CLANG_CXX_LANGUAGE_STANDARD = "gnu++20";
				CLANG_ENABLE_MODULES = YES;
				CLANG_ENABLE_OBJC_ARC = YES;
				CLANG_ENABLE_OBJC_WEAK = YES;
				CLANG_WARN_BLOCK_CAPTURE_AUTORELEASING = YES;
				CLANG_WARN_BOOL_CONVERSION = YES;
				CLANG_WARN_COMMA = YES;
				CLANG_WARN_CONSTANT_CONVERSION = YES;
				CLANG_WARN_DEPRECATED_OBJC_IMPLEMENTATIONS = YES;
				CLANG_WARN_DIRECT_OBJC_ISA_USAGE = YES_ERROR;
				CLANG_WARN_DOCUMENTATION_COMMENTS = YES;
				CLANG_WARN_EMPTY_BODY = YES;
				CLANG_WARN_ENUM_CONVERSION = YES;
				CLANG_WARN_INFINITE_RECURSION = YES;
				CLANG_WARN_INT_CONVERSION = YES;
				CLANG_WARN_NON_LITERAL_NULL_CONVERSION = YES;
				CLANG_WARN_OBJC_IMPLICIT_RETAIN_SELF = YES;
				CLANG_WARN_OBJC_LITERAL_CONVERSION = YES;
				CLANG_WARN_OBJC_ROOT_CLASS = YES_ERROR;
				CLANG_WARN_QUOTED_INCLUDE_IN_FRAMEWORK_HEADER = YES;
				CLANG_WARN_RANGE_LOOP_ANALYSIS = YES;
				CLANG_WARN_STRICT_PROTOTYPES = YES;
				CLANG_WARN_SUSPICIOUS_MOVE = YES;
				CLANG_WARN_UNGUARDED_AVAILABILITY = YES_AGGRESSIVE;
				CLANG_WARN_UNREACHABLE_CODE = YES;
				CLANG_WARN__DUPLICATE_METHOD_MATCH = YES;
				COPY_PHASE_STRIP = NO;
				DEBUG_INFORMATION_FORMAT = "dwarf-with-dsym";
				ENABLE_NS_ASSERTIONS = NO;
				ENABLE_STRICT_OBJC_MSGSEND = YES;
				GCC_C_LANGUAGE_STANDARD = gnu11;
				GCC_NO_COMMON_BLOCKS = YES;
				GCC_WARN_64_TO_32_BIT_CONVERSION = YES;
				GCC_WARN_ABOUT_RETURN_TYPE = YES_ERROR;
				GCC_WARN_UNDECLARED_SELECTOR = YES;
				GCC_WARN_UNINITIALIZED_AUTOS = YES_AGGRESSIVE;
				GCC_WARN_UNUSED_FUNCTION = YES;
				GCC_WARN_UNUSED_VARIABLE = YES;
				IPHONEOS_DEPLOYMENT_TARGET = 16.2;
				MTL_ENABLE_DEBUG_INFO = NO;
				MTL_FAST_MATH = YES;
				SDKROOT = iphoneos;
				SWIFT_COMPILATION_MODE = wholemodule;
				SWIFT_OPTIMIZATION_LEVEL = "-O";
				VALIDATE_PRODUCT = YES;
			};
			name = Release;
		};
		246FFB2B2AC51FE500973424 /* Debug */ = {
			isa = XCBuildConfiguration;
			buildSettings = {
				ASSETCATALOG_COMPILER_APPICON_NAME = AppIcon;
				ASSETCATALOG_COMPILER_GLOBAL_ACCENT_COLOR_NAME = AccentColor;
				CODE_SIGN_STYLE = Automatic;
				CURRENT_PROJECT_VERSION = 1;
				DEVELOPMENT_ASSET_PATHS = "\"Scrumdinger/Preview Content\"";
				ENABLE_PREVIEWS = YES;
				GENERATE_INFOPLIST_FILE = YES;
				INFOPLIST_KEY_UIApplicationSceneManifest_Generation = YES;
				INFOPLIST_KEY_UIApplicationSupportsIndirectInputEvents = YES;
				INFOPLIST_KEY_UILaunchScreen_Generation = YES;
				INFOPLIST_KEY_UISupportedInterfaceOrientations_iPad = "UIInterfaceOrientationPortrait UIInterfaceOrientationPortraitUpsideDown UIInterfaceOrientationLandscapeLeft UIInterfaceOrientationLandscapeRight";
				INFOPLIST_KEY_UISupportedInterfaceOrientations_iPhone = "UIInterfaceOrientationPortrait UIInterfaceOrientationLandscapeLeft UIInterfaceOrientationLandscapeRight";
				LD_RUNPATH_SEARCH_PATHS = (
					"$(inherited)",
					"@executable_path/Frameworks",
				);
				MARKETING_VERSION = 1.0;
				PRODUCT_BUNDLE_IDENTIFIER = com.jgaleano.Scrumdinger;
				PRODUCT_NAME = "$(TARGET_NAME)";
				SWIFT_EMIT_LOC_STRINGS = YES;
				SWIFT_VERSION = 5.0;
				TARGETED_DEVICE_FAMILY = "1,2";
			};
			name = Debug;
		};
		246FFB2C2AC51FE500973424 /* Release */ = {
			isa = XCBuildConfiguration;
			buildSettings = {
				ASSETCATALOG_COMPILER_APPICON_NAME = AppIcon;
				ASSETCATALOG_COMPILER_GLOBAL_ACCENT_COLOR_NAME = AccentColor;
				CODE_SIGN_STYLE = Automatic;
				CURRENT_PROJECT_VERSION = 1;
				DEVELOPMENT_ASSET_PATHS = "\"Scrumdinger/Preview Content\"";
				ENABLE_PREVIEWS = YES;
				GENERATE_INFOPLIST_FILE = YES;
				INFOPLIST_KEY_UIApplicationSceneManifest_Generation = YES;
				INFOPLIST_KEY_UIApplicationSupportsIndirectInputEvents = YES;
				INFOPLIST_KEY_UILaunchScreen_Generation = YES;
				INFOPLIST_KEY_UISupportedInterfaceOrientations_iPad = "UIInterfaceOrientationPortrait UIInterfaceOrientationPortraitUpsideDown UIInterfaceOrientationLandscapeLeft UIInterfaceOrientationLandscapeRight";
				INFOPLIST_KEY_UISupportedInterfaceOrientations_iPhone = "UIInterfaceOrientationPortrait UIInterfaceOrientationLandscapeLeft UIInterfaceOrientationLandscapeRight";
				LD_RUNPATH_SEARCH_PATHS = (
					"$(inherited)",
					"@executable_path/Frameworks",
				);
				MARKETING_VERSION = 1.0;
				PRODUCT_BUNDLE_IDENTIFIER = com.jgaleano.Scrumdinger;
				PRODUCT_NAME = "$(TARGET_NAME)";
				SWIFT_EMIT_LOC_STRINGS = YES;
				SWIFT_VERSION = 5.0;
				TARGETED_DEVICE_FAMILY = "1,2";
			};
			name = Release;
		};
		246FFB2E2AC51FE500973424 /* Debug */ = {
			isa = XCBuildConfiguration;
			buildSettings = {
				ALWAYS_EMBED_SWIFT_STANDARD_LIBRARIES = YES;
				BUNDLE_LOADER = "$(TEST_HOST)";
				CODE_SIGN_STYLE = Automatic;
				CURRENT_PROJECT_VERSION = 1;
				GENERATE_INFOPLIST_FILE = YES;
				IPHONEOS_DEPLOYMENT_TARGET = 16.2;
				MARKETING_VERSION = 1.0;
				PRODUCT_BUNDLE_IDENTIFIER = com.jgaleano.ScrumdingerTests;
				PRODUCT_NAME = "$(TARGET_NAME)";
				SWIFT_EMIT_LOC_STRINGS = NO;
				SWIFT_VERSION = 5.0;
				TARGETED_DEVICE_FAMILY = "1,2";
				TEST_HOST = "$(BUILT_PRODUCTS_DIR)/Scrumdinger.app/$(BUNDLE_EXECUTABLE_FOLDER_PATH)/Scrumdinger";
			};
			name = Debug;
		};
		246FFB2F2AC51FE500973424 /* Release */ = {
			isa = XCBuildConfiguration;
			buildSettings = {
				ALWAYS_EMBED_SWIFT_STANDARD_LIBRARIES = YES;
				BUNDLE_LOADER = "$(TEST_HOST)";
				CODE_SIGN_STYLE = Automatic;
				CURRENT_PROJECT_VERSION = 1;
				GENERATE_INFOPLIST_FILE = YES;
				IPHONEOS_DEPLOYMENT_TARGET = 16.2;
				MARKETING_VERSION = 1.0;
				PRODUCT_BUNDLE_IDENTIFIER = com.jgaleano.ScrumdingerTests;
				PRODUCT_NAME = "$(TARGET_NAME)";
				SWIFT_EMIT_LOC_STRINGS = NO;
				SWIFT_VERSION = 5.0;
				TARGETED_DEVICE_FAMILY = "1,2";
				TEST_HOST = "$(BUILT_PRODUCTS_DIR)/Scrumdinger.app/$(BUNDLE_EXECUTABLE_FOLDER_PATH)/Scrumdinger";
			};
			name = Release;
		};
		246FFB312AC51FE500973424 /* Debug */ = {
			isa = XCBuildConfiguration;
			buildSettings = {
				ALWAYS_EMBED_SWIFT_STANDARD_LIBRARIES = YES;
				CODE_SIGN_STYLE = Automatic;
				CURRENT_PROJECT_VERSION = 1;
				GENERATE_INFOPLIST_FILE = YES;
				MARKETING_VERSION = 1.0;
				PRODUCT_BUNDLE_IDENTIFIER = com.jgaleano.ScrumdingerUITests;
				PRODUCT_NAME = "$(TARGET_NAME)";
				SWIFT_EMIT_LOC_STRINGS = NO;
				SWIFT_VERSION = 5.0;
				TARGETED_DEVICE_FAMILY = "1,2";
				TEST_TARGET_NAME = Scrumdinger;
			};
			name = Debug;
		};
		246FFB322AC51FE500973424 /* Release */ = {
			isa = XCBuildConfiguration;
			buildSettings = {
				ALWAYS_EMBED_SWIFT_STANDARD_LIBRARIES = YES;
				CODE_SIGN_STYLE = Automatic;
				CURRENT_PROJECT_VERSION = 1;
				GENERATE_INFOPLIST_FILE = YES;
				MARKETING_VERSION = 1.0;
				PRODUCT_BUNDLE_IDENTIFIER = com.jgaleano.ScrumdingerUITests;
				PRODUCT_NAME = "$(TARGET_NAME)";
				SWIFT_EMIT_LOC_STRINGS = NO;
				SWIFT_VERSION = 5.0;
				TARGETED_DEVICE_FAMILY = "1,2";
				TEST_TARGET_NAME = Scrumdinger;
			};
			name = Release;
		};
/* End XCBuildConfiguration section */

/* Begin XCConfigurationList section */
		246FFB012AC51FE400973424 /* Build configuration list for PBXProject "Scrumdinger" */ = {
			isa = XCConfigurationList;
			buildConfigurations = (
				246FFB282AC51FE500973424 /* Debug */,
				246FFB292AC51FE500973424 /* Release */,
			);
			defaultConfigurationIsVisible = 0;
			defaultConfigurationName = Release;
		};
		246FFB2A2AC51FE500973424 /* Build configuration list for PBXNativeTarget "Scrumdinger" */ = {
			isa = XCConfigurationList;
			buildConfigurations = (
				246FFB2B2AC51FE500973424 /* Debug */,
				246FFB2C2AC51FE500973424 /* Release */,
			);
			defaultConfigurationIsVisible = 0;
			defaultConfigurationName = Release;
		};
		246FFB2D2AC51FE500973424 /* Build configuration list for PBXNativeTarget "ScrumdingerTests" */ = {
			isa = XCConfigurationList;
			buildConfigurations = (
				246FFB2E2AC51FE500973424 /* Debug */,
				246FFB2F2AC51FE500973424 /* Release */,
			);
			defaultConfigurationIsVisible = 0;
			defaultConfigurationName = Release;
		};
		246FFB302AC51FE500973424 /* Build configuration list for PBXNativeTarget "ScrumdingerUITests" */ = {
			isa = XCConfigurationList;
			buildConfigurations = (
				246FFB312AC51FE500973424 /* Debug */,
				246FFB322AC51FE500973424 /* Release */,
			);
			defaultConfigurationIsVisible = 0;
			defaultConfigurationName = Release;
		};
/* End XCConfigurationList section */
	};
	rootObject = 246FFAFE2AC51FE400973424 /* Project object */;
}
